
Microsoft Visual Studio Solution File, Format Version 12.00
# Visual Studio 15
VisualStudioVersion = 15.0.26124.0
MinimumVisualStudioVersion = 15.0.26124.0
Project("{9A19103F-16F7-4668-BE54-9A1E7A4F7556}") = "R5T.D0042.Construction", "R5T.D0042.Construction\R5T.D0042.Construction.csproj", "{B0523713-8DB9-46A1-9DB2-552763B50565}"
EndProject
Project("{9A19103F-16F7-4668-BE54-9A1E7A4F7556}") = "R5T.D0042", "R5T.D0042\R5T.D0042.csproj", "{74664456-610A-4EFF-9C46-9EC68AEAA8C0}"
EndProject
Project("{FAE04EC0-301F-11D3-BF4B-00C04F79EFBC}") = "R5T.D0042.Base", "R5T.D0042.Base\R5T.D0042.Base.csproj", "{B5995508-82BA-412F-BB38-7DD12D633F59}"
EndProject
Global
	GlobalSection(SolutionConfigurationPlatforms) = preSolution
		Debug|Any CPU = Debug|Any CPU
		Debug|x64 = Debug|x64
		Debug|x86 = Debug|x86
		Release|Any CPU = Release|Any CPU
		Release|x64 = Release|x64
		Release|x86 = Release|x86
	EndGlobalSection
	GlobalSection(ProjectConfigurationPlatforms) = postSolution
		{B0523713-8DB9-46A1-9DB2-552763B50565}.Debug|Any CPU.ActiveCfg = Debug|Any CPU
		{B0523713-8DB9-46A1-9DB2-552763B50565}.Debug|Any CPU.Build.0 = Debug|Any CPU
		{B0523713-8DB9-46A1-9DB2-552763B50565}.Debug|x64.ActiveCfg = Debug|Any CPU
		{B0523713-8DB9-46A1-9DB2-552763B50565}.Debug|x64.Build.0 = Debug|Any CPU
		{B0523713-8DB9-46A1-9DB2-552763B50565}.Debug|x86.ActiveCfg = Debug|Any CPU
		{B0523713-8DB9-46A1-9DB2-552763B50565}.Debug|x86.Build.0 = Debug|Any CPU
		{B0523713-8DB9-46A1-9DB2-552763B50565}.Release|Any CPU.ActiveCfg = Release|Any CPU
		{B0523713-8DB9-46A1-9DB2-552763B50565}.Release|Any CPU.Build.0 = Release|Any CPU
		{B0523713-8DB9-46A1-9DB2-552763B50565}.Release|x64.ActiveCfg = Release|Any CPU
		{B0523713-8DB9-46A1-9DB2-552763B50565}.Release|x64.Build.0 = Release|Any CPU
		{B0523713-8DB9-46A1-9DB2-552763B50565}.Release|x86.ActiveCfg = Release|Any CPU
		{B0523713-8DB9-46A1-9DB2-552763B50565}.Release|x86.Build.0 = Release|Any CPU
		{74664456-610A-4EFF-9C46-9EC68AEAA8C0}.Debug|Any CPU.ActiveCfg = Debug|Any CPU
		{74664456-610A-4EFF-9C46-9EC68AEAA8C0}.Debug|Any CPU.Build.0 = Debug|Any CPU
		{74664456-610A-4EFF-9C46-9EC68AEAA8C0}.Debug|x64.ActiveCfg = Debug|Any CPU
		{74664456-610A-4EFF-9C46-9EC68AEAA8C0}.Debug|x64.Build.0 = Debug|Any CPU
		{74664456-610A-4EFF-9C46-9EC68AEAA8C0}.Debug|x86.ActiveCfg = Debug|Any CPU
		{74664456-610A-4EFF-9C46-9EC68AEAA8C0}.Debug|x86.Build.0 = Debug|Any CPU
		{74664456-610A-4EFF-9C46-9EC68AEAA8C0}.Release|Any CPU.ActiveCfg = Release|Any CPU
		{74664456-610A-4EFF-9C46-9EC68AEAA8C0}.Release|Any CPU.Build.0 = Release|Any CPU
		{74664456-610A-4EFF-9C46-9EC68AEAA8C0}.Release|x64.ActiveCfg = Release|Any CPU
		{74664456-610A-4EFF-9C46-9EC68AEAA8C0}.Release|x64.Build.0 = Release|Any CPU
		{74664456-610A-4EFF-9C46-9EC68AEAA8C0}.Release|x86.ActiveCfg = Release|Any CPU
		{74664456-610A-4EFF-9C46-9EC68AEAA8C0}.Release|x86.Build.0 = Release|Any CPU
		{B5995508-82BA-412F-BB38-7DD12D633F59}.Debug|Any CPU.ActiveCfg = Debug|Any CPU
		{B5995508-82BA-412F-BB38-7DD12D633F59}.Debug|Any CPU.Build.0 = Debug|Any CPU
		{B5995508-82BA-412F-BB38-7DD12D633F59}.Debug|x64.ActiveCfg = Debug|Any CPU
		{B5995508-82BA-412F-BB38-7DD12D633F59}.Debug|x64.Build.0 = Debug|Any CPU
		{B5995508-82BA-412F-BB38-7DD12D633F59}.Debug|x86.ActiveCfg = Debug|Any CPU
		{B5995508-82BA-412F-BB38-7DD12D633F59}.Debug|x86.Build.0 = Debug|Any CPU
		{B5995508-82BA-412F-BB38-7DD12D633F59}.Release|Any CPU.ActiveCfg = Release|Any CPU
		{B5995508-82BA-412F-BB38-7DD12D633F59}.Release|Any CPU.Build.0 = Release|Any CPU
		{B5995508-82BA-412F-BB38-7DD12D633F59}.Release|x64.ActiveCfg = Release|Any CPU
		{B5995508-82BA-412F-BB38-7DD12D633F59}.Release|x64.Build.0 = Release|Any CPU
		{B5995508-82BA-412F-BB38-7DD12D633F59}.Release|x86.ActiveCfg = Release|Any CPU
		{B5995508-82BA-412F-BB38-7DD12D633F59}.Release|x86.Build.0 = Release|Any CPU
	EndGlobalSection
	GlobalSection(SolutionProperties) = preSolution
		HideSolutionNode = FALSE
	EndGlobalSection
	GlobalSection(ExtensibilityGlobals) = postSolution
		SolutionGuid = {1A73481F-8C27-4EF3-B1D5-ADD2471CCE19}
	EndGlobalSection
EndGlobal
