
Microsoft Visual Studio Solution File, Format Version 12.00
# Visual Studio 15
VisualStudioVersion = 15.0.26124.0
MinimumVisualStudioVersion = 15.0.26124.0
Project("{9A19103F-16F7-4668-BE54-9A1E7A4F7556}") = "R5T.D0042.Construction", "R5T.D0042.Construction\R5T.D0042.Construction.csproj", "{B0523713-8DB9-46A1-9DB2-552763B50565}"
EndProject
Project("{9A19103F-16F7-4668-BE54-9A1E7A4F7556}") = "R5T.D0042", "R5T.D0042\R5T.D0042.csproj", "{74664456-610A-4EFF-9C46-9EC68AEAA8C0}"
EndProject
Project("{9A19103F-16F7-4668-BE54-9A1E7A4F7556}") = "R5T.D0042.Base", "R5T.D0042.Base\R5T.D0042.Base.csproj", "{B5995508-82BA-412F-BB38-7DD12D633F59}"
EndProject
Project("{9A19103F-16F7-4668-BE54-9A1E7A4F7556}") = "R5T.D0042.Stagira", "R5T.D0042.Stagira\R5T.D0042.Stagira.csproj", "{741FEBE9-52F1-4D1E-90BF-9ADF60FFC8C6}"
EndProject
Project("{2150E333-8FDC-42A3-9474-1A3956D46DE8}") = "_Dependencies", "_Dependencies", "{6E6D1A71-6CF9-476D-A077-B9CAB0085342}"
EndProject
Project("{9A19103F-16F7-4668-BE54-9A1E7A4F7556}") = "R5T.Stagira", "..\..\R5T.Stagira\source\R5T.Stagira\R5T.Stagira.csproj", "{B0CE018D-4562-4126-9BD3-143757CF278E}"
EndProject
Project("{9A19103F-16F7-4668-BE54-9A1E7A4F7556}") = "R5T.Magyar", "..\..\R5T.Magyar\source\R5T.Magyar\R5T.Magyar.csproj", "{20FF5646-F83A-4D4D-8F4A-A18246ADA41C}"
EndProject
Project("{9A19103F-16F7-4668-BE54-9A1E7A4F7556}") = "R5T.D0042.Default", "R5T.D0042.Default\R5T.D0042.Default.csproj", "{B39265D6-DA56-4D64-B1C2-0B731F2A0727}"
EndProject
Project("{9A19103F-16F7-4668-BE54-9A1E7A4F7556}") = "R5T.D0044.Base", "..\..\R5T.D0044\source\R5T.D0044.Base\R5T.D0044.Base.csproj", "{9B862C31-FD36-405A-89CB-B893FFCC9B00}"
EndProject
Project("{9A19103F-16F7-4668-BE54-9A1E7A4F7556}") = "R5T.T0064", "..\..\R5T.T0064\source\R5T.T0064\R5T.T0064.csproj", "{8F6B67BA-8D7A-45C8-93D6-A8F4F43432DA}"
EndProject
Global
	GlobalSection(SolutionConfigurationPlatforms) = preSolution
		Debug|Any CPU = Debug|Any CPU
		Debug|x64 = Debug|x64
		Debug|x86 = Debug|x86
		Release|Any CPU = Release|Any CPU
		Release|x64 = Release|x64
		Release|x86 = Release|x86
	EndGlobalSection
	GlobalSection(ProjectConfigurationPlatforms) = postSolution
		{B0523713-8DB9-46A1-9DB2-552763B50565}.Debug|Any CPU.ActiveCfg = Debug|Any CPU
		{B0523713-8DB9-46A1-9DB2-552763B50565}.Debug|Any CPU.Build.0 = Debug|Any CPU
		{B0523713-8DB9-46A1-9DB2-552763B50565}.Debug|x64.ActiveCfg = Debug|Any CPU
		{B0523713-8DB9-46A1-9DB2-552763B50565}.Debug|x64.Build.0 = Debug|Any CPU
		{B0523713-8DB9-46A1-9DB2-552763B50565}.Debug|x86.ActiveCfg = Debug|Any CPU
		{B0523713-8DB9-46A1-9DB2-552763B50565}.Debug|x86.Build.0 = Debug|Any CPU
		{B0523713-8DB9-46A1-9DB2-552763B50565}.Release|Any CPU.ActiveCfg = Release|Any CPU
		{B0523713-8DB9-46A1-9DB2-552763B50565}.Release|Any CPU.Build.0 = Release|Any CPU
		{B0523713-8DB9-46A1-9DB2-552763B50565}.Release|x64.ActiveCfg = Release|Any CPU
		{B0523713-8DB9-46A1-9DB2-552763B50565}.Release|x64.Build.0 = Release|Any CPU
		{B0523713-8DB9-46A1-9DB2-552763B50565}.Release|x86.ActiveCfg = Release|Any CPU
		{B0523713-8DB9-46A1-9DB2-552763B50565}.Release|x86.Build.0 = Release|Any CPU
		{74664456-610A-4EFF-9C46-9EC68AEAA8C0}.Debug|Any CPU.ActiveCfg = Debug|Any CPU
		{74664456-610A-4EFF-9C46-9EC68AEAA8C0}.Debug|Any CPU.Build.0 = Debug|Any CPU
		{74664456-610A-4EFF-9C46-9EC68AEAA8C0}.Debug|x64.ActiveCfg = Debug|Any CPU
		{74664456-610A-4EFF-9C46-9EC68AEAA8C0}.Debug|x64.Build.0 = Debug|Any CPU
		{74664456-610A-4EFF-9C46-9EC68AEAA8C0}.Debug|x86.ActiveCfg = Debug|Any CPU
		{74664456-610A-4EFF-9C46-9EC68AEAA8C0}.Debug|x86.Build.0 = Debug|Any CPU
		{74664456-610A-4EFF-9C46-9EC68AEAA8C0}.Release|Any CPU.ActiveCfg = Release|Any CPU
		{74664456-610A-4EFF-9C46-9EC68AEAA8C0}.Release|Any CPU.Build.0 = Release|Any CPU
		{74664456-610A-4EFF-9C46-9EC68AEAA8C0}.Release|x64.ActiveCfg = Release|Any CPU
		{74664456-610A-4EFF-9C46-9EC68AEAA8C0}.Release|x64.Build.0 = Release|Any CPU
		{74664456-610A-4EFF-9C46-9EC68AEAA8C0}.Release|x86.ActiveCfg = Release|Any CPU
		{74664456-610A-4EFF-9C46-9EC68AEAA8C0}.Release|x86.Build.0 = Release|Any CPU
		{B5995508-82BA-412F-BB38-7DD12D633F59}.Debug|Any CPU.ActiveCfg = Debug|Any CPU
		{B5995508-82BA-412F-BB38-7DD12D633F59}.Debug|Any CPU.Build.0 = Debug|Any CPU
		{B5995508-82BA-412F-BB38-7DD12D633F59}.Debug|x64.ActiveCfg = Debug|Any CPU
		{B5995508-82BA-412F-BB38-7DD12D633F59}.Debug|x64.Build.0 = Debug|Any CPU
		{B5995508-82BA-412F-BB38-7DD12D633F59}.Debug|x86.ActiveCfg = Debug|Any CPU
		{B5995508-82BA-412F-BB38-7DD12D633F59}.Debug|x86.Build.0 = Debug|Any CPU
		{B5995508-82BA-412F-BB38-7DD12D633F59}.Release|Any CPU.ActiveCfg = Release|Any CPU
		{B5995508-82BA-412F-BB38-7DD12D633F59}.Release|Any CPU.Build.0 = Release|Any CPU
		{B5995508-82BA-412F-BB38-7DD12D633F59}.Release|x64.ActiveCfg = Release|Any CPU
		{B5995508-82BA-412F-BB38-7DD12D633F59}.Release|x64.Build.0 = Release|Any CPU
		{B5995508-82BA-412F-BB38-7DD12D633F59}.Release|x86.ActiveCfg = Release|Any CPU
		{B5995508-82BA-412F-BB38-7DD12D633F59}.Release|x86.Build.0 = Release|Any CPU
		{741FEBE9-52F1-4D1E-90BF-9ADF60FFC8C6}.Debug|Any CPU.ActiveCfg = Debug|Any CPU
		{741FEBE9-52F1-4D1E-90BF-9ADF60FFC8C6}.Debug|Any CPU.Build.0 = Debug|Any CPU
		{741FEBE9-52F1-4D1E-90BF-9ADF60FFC8C6}.Debug|x64.ActiveCfg = Debug|Any CPU
		{741FEBE9-52F1-4D1E-90BF-9ADF60FFC8C6}.Debug|x64.Build.0 = Debug|Any CPU
		{741FEBE9-52F1-4D1E-90BF-9ADF60FFC8C6}.Debug|x86.ActiveCfg = Debug|Any CPU
		{741FEBE9-52F1-4D1E-90BF-9ADF60FFC8C6}.Debug|x86.Build.0 = Debug|Any CPU
		{741FEBE9-52F1-4D1E-90BF-9ADF60FFC8C6}.Release|Any CPU.ActiveCfg = Release|Any CPU
		{741FEBE9-52F1-4D1E-90BF-9ADF60FFC8C6}.Release|Any CPU.Build.0 = Release|Any CPU
		{741FEBE9-52F1-4D1E-90BF-9ADF60FFC8C6}.Release|x64.ActiveCfg = Release|Any CPU
		{741FEBE9-52F1-4D1E-90BF-9ADF60FFC8C6}.Release|x64.Build.0 = Release|Any CPU
		{741FEBE9-52F1-4D1E-90BF-9ADF60FFC8C6}.Release|x86.ActiveCfg = Release|Any CPU
		{741FEBE9-52F1-4D1E-90BF-9ADF60FFC8C6}.Release|x86.Build.0 = Release|Any CPU
		{B0CE018D-4562-4126-9BD3-143757CF278E}.Debug|Any CPU.ActiveCfg = Debug|Any CPU
		{B0CE018D-4562-4126-9BD3-143757CF278E}.Debug|Any CPU.Build.0 = Debug|Any CPU
		{B0CE018D-4562-4126-9BD3-143757CF278E}.Debug|x64.ActiveCfg = Debug|Any CPU
		{B0CE018D-4562-4126-9BD3-143757CF278E}.Debug|x64.Build.0 = Debug|Any CPU
		{B0CE018D-4562-4126-9BD3-143757CF278E}.Debug|x86.ActiveCfg = Debug|Any CPU
		{B0CE018D-4562-4126-9BD3-143757CF278E}.Debug|x86.Build.0 = Debug|Any CPU
		{B0CE018D-4562-4126-9BD3-143757CF278E}.Release|Any CPU.ActiveCfg = Release|Any CPU
		{B0CE018D-4562-4126-9BD3-143757CF278E}.Release|Any CPU.Build.0 = Release|Any CPU
		{B0CE018D-4562-4126-9BD3-143757CF278E}.Release|x64.ActiveCfg = Release|Any CPU
		{B0CE018D-4562-4126-9BD3-143757CF278E}.Release|x64.Build.0 = Release|Any CPU
		{B0CE018D-4562-4126-9BD3-143757CF278E}.Release|x86.ActiveCfg = Release|Any CPU
		{B0CE018D-4562-4126-9BD3-143757CF278E}.Release|x86.Build.0 = Release|Any CPU
		{20FF5646-F83A-4D4D-8F4A-A18246ADA41C}.Debug|Any CPU.ActiveCfg = Debug|Any CPU
		{20FF5646-F83A-4D4D-8F4A-A18246ADA41C}.Debug|Any CPU.Build.0 = Debug|Any CPU
		{20FF5646-F83A-4D4D-8F4A-A18246ADA41C}.Debug|x64.ActiveCfg = Debug|Any CPU
		{20FF5646-F83A-4D4D-8F4A-A18246ADA41C}.Debug|x64.Build.0 = Debug|Any CPU
		{20FF5646-F83A-4D4D-8F4A-A18246ADA41C}.Debug|x86.ActiveCfg = Debug|Any CPU
		{20FF5646-F83A-4D4D-8F4A-A18246ADA41C}.Debug|x86.Build.0 = Debug|Any CPU
		{20FF5646-F83A-4D4D-8F4A-A18246ADA41C}.Release|Any CPU.ActiveCfg = Release|Any CPU
		{20FF5646-F83A-4D4D-8F4A-A18246ADA41C}.Release|Any CPU.Build.0 = Release|Any CPU
		{20FF5646-F83A-4D4D-8F4A-A18246ADA41C}.Release|x64.ActiveCfg = Release|Any CPU
		{20FF5646-F83A-4D4D-8F4A-A18246ADA41C}.Release|x64.Build.0 = Release|Any CPU
		{20FF5646-F83A-4D4D-8F4A-A18246ADA41C}.Release|x86.ActiveCfg = Release|Any CPU
		{20FF5646-F83A-4D4D-8F4A-A18246ADA41C}.Release|x86.Build.0 = Release|Any CPU
		{B39265D6-DA56-4D64-B1C2-0B731F2A0727}.Debug|Any CPU.ActiveCfg = Debug|Any CPU
		{B39265D6-DA56-4D64-B1C2-0B731F2A0727}.Debug|Any CPU.Build.0 = Debug|Any CPU
		{B39265D6-DA56-4D64-B1C2-0B731F2A0727}.Debug|x64.ActiveCfg = Debug|Any CPU
		{B39265D6-DA56-4D64-B1C2-0B731F2A0727}.Debug|x64.Build.0 = Debug|Any CPU
		{B39265D6-DA56-4D64-B1C2-0B731F2A0727}.Debug|x86.ActiveCfg = Debug|Any CPU
		{B39265D6-DA56-4D64-B1C2-0B731F2A0727}.Debug|x86.Build.0 = Debug|Any CPU
		{B39265D6-DA56-4D64-B1C2-0B731F2A0727}.Release|Any CPU.ActiveCfg = Release|Any CPU
		{B39265D6-DA56-4D64-B1C2-0B731F2A0727}.Release|Any CPU.Build.0 = Release|Any CPU
		{B39265D6-DA56-4D64-B1C2-0B731F2A0727}.Release|x64.ActiveCfg = Release|Any CPU
		{B39265D6-DA56-4D64-B1C2-0B731F2A0727}.Release|x64.Build.0 = Release|Any CPU
		{B39265D6-DA56-4D64-B1C2-0B731F2A0727}.Release|x86.ActiveCfg = Release|Any CPU
		{B39265D6-DA56-4D64-B1C2-0B731F2A0727}.Release|x86.Build.0 = Release|Any CPU
		{9B862C31-FD36-405A-89CB-B893FFCC9B00}.Debug|Any CPU.ActiveCfg = Debug|Any CPU
		{9B862C31-FD36-405A-89CB-B893FFCC9B00}.Debug|Any CPU.Build.0 = Debug|Any CPU
		{9B862C31-FD36-405A-89CB-B893FFCC9B00}.Debug|x64.ActiveCfg = Debug|Any CPU
		{9B862C31-FD36-405A-89CB-B893FFCC9B00}.Debug|x64.Build.0 = Debug|Any CPU
		{9B862C31-FD36-405A-89CB-B893FFCC9B00}.Debug|x86.ActiveCfg = Debug|Any CPU
		{9B862C31-FD36-405A-89CB-B893FFCC9B00}.Debug|x86.Build.0 = Debug|Any CPU
		{9B862C31-FD36-405A-89CB-B893FFCC9B00}.Release|Any CPU.ActiveCfg = Release|Any CPU
		{9B862C31-FD36-405A-89CB-B893FFCC9B00}.Release|Any CPU.Build.0 = Release|Any CPU
		{9B862C31-FD36-405A-89CB-B893FFCC9B00}.Release|x64.ActiveCfg = Release|Any CPU
		{9B862C31-FD36-405A-89CB-B893FFCC9B00}.Release|x64.Build.0 = Release|Any CPU
		{9B862C31-FD36-405A-89CB-B893FFCC9B00}.Release|x86.ActiveCfg = Release|Any CPU
		{9B862C31-FD36-405A-89CB-B893FFCC9B00}.Release|x86.Build.0 = Release|Any CPU
		{8F6B67BA-8D7A-45C8-93D6-A8F4F43432DA}.Debug|Any CPU.ActiveCfg = Debug|Any CPU
		{8F6B67BA-8D7A-45C8-93D6-A8F4F43432DA}.Debug|Any CPU.Build.0 = Debug|Any CPU
		{8F6B67BA-8D7A-45C8-93D6-A8F4F43432DA}.Debug|x64.ActiveCfg = Debug|Any CPU
		{8F6B67BA-8D7A-45C8-93D6-A8F4F43432DA}.Debug|x64.Build.0 = Debug|Any CPU
		{8F6B67BA-8D7A-45C8-93D6-A8F4F43432DA}.Debug|x86.ActiveCfg = Debug|Any CPU
		{8F6B67BA-8D7A-45C8-93D6-A8F4F43432DA}.Debug|x86.Build.0 = Debug|Any CPU
		{8F6B67BA-8D7A-45C8-93D6-A8F4F43432DA}.Release|Any CPU.ActiveCfg = Release|Any CPU
		{8F6B67BA-8D7A-45C8-93D6-A8F4F43432DA}.Release|Any CPU.Build.0 = Release|Any CPU
		{8F6B67BA-8D7A-45C8-93D6-A8F4F43432DA}.Release|x64.ActiveCfg = Release|Any CPU
		{8F6B67BA-8D7A-45C8-93D6-A8F4F43432DA}.Release|x64.Build.0 = Release|Any CPU
		{8F6B67BA-8D7A-45C8-93D6-A8F4F43432DA}.Release|x86.ActiveCfg = Release|Any CPU
		{8F6B67BA-8D7A-45C8-93D6-A8F4F43432DA}.Release|x86.Build.0 = Release|Any CPU
	EndGlobalSection
	GlobalSection(SolutionProperties) = preSolution
		HideSolutionNode = FALSE
	EndGlobalSection
	GlobalSection(NestedProjects) = preSolution
		{B0CE018D-4562-4126-9BD3-143757CF278E} = {6E6D1A71-6CF9-476D-A077-B9CAB0085342}
		{20FF5646-F83A-4D4D-8F4A-A18246ADA41C} = {6E6D1A71-6CF9-476D-A077-B9CAB0085342}
		{9B862C31-FD36-405A-89CB-B893FFCC9B00} = {6E6D1A71-6CF9-476D-A077-B9CAB0085342}
		{8F6B67BA-8D7A-45C8-93D6-A8F4F43432DA} = {6E6D1A71-6CF9-476D-A077-B9CAB0085342}
	EndGlobalSection
	GlobalSection(ExtensibilityGlobals) = postSolution
		SolutionGuid = {1A73481F-8C27-4EF3-B1D5-ADD2471CCE19}
	EndGlobalSection
EndGlobal
